
Microsoft Visual Studio Solution File, Format Version 12.00
# Visual Studio 15
VisualStudioVersion = 15.0.26730.15
MinimumVisualStudioVersion = 10.0.40219.1
Project("{FAE04EC0-301F-11D3-BF4B-00C04F79EFBC}") = "WPF_XML_Tutorial", "WPF_XML_Tutorial\WPF_XML_Tutorial.csproj", "{B8704212-0B45-4099-8965-D5945EFC3248}"
EndProject
Global
	GlobalSection(SolutionConfigurationPlatforms) = preSolution
		Debug|Any CPU = Debug|Any CPU
		Release|Any CPU = Release|Any CPU
	EndGlobalSection
	GlobalSection(ProjectConfigurationPlatforms) = postSolution
		{B8704212-0B45-4099-8965-D5945EFC3248}.Debug|Any CPU.ActiveCfg = Debug|Any CPU
		{B8704212-0B45-4099-8965-D5945EFC3248}.Debug|Any CPU.Build.0 = Debug|Any CPU
		{B8704212-0B45-4099-8965-D5945EFC3248}.Release|Any CPU.ActiveCfg = Release|Any CPU
		{B8704212-0B45-4099-8965-D5945EFC3248}.Release|Any CPU.Build.0 = Release|Any CPU
	EndGlobalSection
	GlobalSection(SolutionProperties) = preSolution
		HideSolutionNode = FALSE
	EndGlobalSection
	GlobalSection(ExtensibilityGlobals) = postSolution
		SolutionGuid = {BA62B449-6462-4146-9670-5F99E638946F}
	EndGlobalSection
EndGlobal
